{
  "lockfileVersion": 2,
  "configVersion": 1,
  "workspaces": {
    "": {
      "name": "bun-react-template",
      "dependencies": {
        "bun-plugin-tailwind": "^0.0.15",
        "flowbite-react": "^0.12.4",
        "react": "^19.1.0",
        "react-dom": "^19.1.0",
        "tailwindcss": "^4.1.11",
      },
      "devDependencies": {
        "@types/bun": "^1.2.19",
        "@types/react": "^19.1.8",
        "@types/react-dom": "^19.1.6",
        "prettier": "^3.6.2",
        "prettier-plugin-tailwindcss": "^0.6.14",
      },
    },
  },
  "packages": {
    "@emnapi/core": ["@emnapi/core@1.11.3", "", { "dependencies": { "@emnapi/wasi-threads": "1.2.3", "tslib": "^2.4.0" } }, "sha512-zLpS5asjEb7lq8jYLq37N6XKaE41DIexlY1rF/z4/tIl3wo13Sqm28fRyfIsKZD+NZ8mM5RoKkpW/rBcuoSZSg=="],

    "@emnapi/runtime": ["@emnapi/runtime@1.11.3", "", { "dependencies": { "tslib": "^2.4.0" } }, "sha512-Xz4Tpyki7XyrpbUK1jR1AhdAdaXyhhY4lZ3neLodmhpuWfy2PAQN5B46sAiU4liOXGLkHypn/qU+jvfWSCYYLA=="],

    "@emnapi/wasi-threads": ["@emnapi/wasi-threads@1.2.3", "", { "dependencies": { "tslib": "^2.4.0" } }, "sha512-ELEBe8PsLvvJ6QMr0zLt8ffvOHW/dc1m3CEzNMg7aJUv3bMaoDtw2TXyDAwkYBuroxxuHEwhRTLJSe5sya547g=="],

    "@floating-ui/core": ["@floating-ui/core@1.7.4", "", { "dependencies": { "@floating-ui/utils": "^0.2.10" } }, "sha512-C3HlIdsBxszvm5McXlB8PeOEWfBhcGBTZGkGlWc2U0KFY5IwG5OQEuQ8rq52DZmcHDlPLd+YFBK+cZcytwIFWg=="],

    "@floating-ui/dom": ["@floating-ui/dom@1.8.0", "", { "dependencies": { "@floating-ui/core": "^1.8.0", "@floating-ui/utils": "^0.2.12" } }, "sha512-yXSrzeHZBTZadLOlfyhCkJHNeLJnHRnRInwdZ40L7ZiaAtrBwoYlsDrX3v5zB1Utk7CLfzcOVnVVWoXEky7Ceg=="],

    "@floating-ui/react": ["@floating-ui/react@0.27.17", "", { "dependencies": { "@floating-ui/react-dom": "^2.1.7", "@floating-ui/utils": "^0.2.10", "tabbable": "^6.0.0" }, "peerDependencies": { "react": ">=17.0.0", "react-dom": ">=17.0.0" } }, "sha512-LGVZKHwmWGg6MRHjLLgsfyaX2y2aCNgnD1zT/E6B+/h+vxg+nIJUqHPAlTzsHDyqdgEpJ1Np5kxWuFEErXzoGg=="],

    "@floating-ui/react-dom": ["@floating-ui/react-dom@2.1.9", "", { "dependencies": { "@floating-ui/dom": "^1.8.0" }, "peerDependencies": { "react": ">=16.8.0", "react-dom": ">=16.8.0" } }, "sha512-JDjEFGCpImxDCA7JJKviA0M9+RtmJdj0m/NVU5IMgBK+AmZouAQQ7/+2GLH0GXXY0YMw9oXPB8hKdbPYg5QLYg=="],

    "@floating-ui/utils": ["@floating-ui/utils@0.2.12", "", {}, "sha512-HpCo8tmWzLVad5s2d19EhAz5zqrrQ6s69qd6moPMQvkOuSwDT1YgRfWSVuc4ennqrgv3OHppiOGMQ7oC13yIww=="],

    "@iarna/toml": ["@iarna/toml@2.2.5", "", {}, "sha512-trnsAYxU3xnS1gPHPyU961coFyLkh4gAD/0zQ5mymY4yOZ+CYvsPqUbOFSw0aDM4y0tV7tiFxL/1XfXPNC6IPg=="],

    "@jridgewell/sourcemap-codec": ["@jridgewell/sourcemap-codec@1.6.0", "", {}, "sha512-T7jf+5zgsZHwNJ4lvQ7/aezbyk0nNX+zJVWpmHA7VYsEx7a7qr5Rg5IbtJFqkgze5Y2sruq1RUY8Q837Od7iFw=="],

    "@napi-rs/wasm-runtime": ["@napi-rs/wasm-runtime@1.2.4", "", { "dependencies": { "@tybys/wasm-util": "^0.10.3" }, "peerDependencies": { "@emnapi/core": "^1.7.1 || ^2.0.0-alpha.4", "@emnapi/runtime": "^1.7.1 || ^2.0.0-alpha.4" } }, "sha512-AJxoUD2/15ESHbvpcyjU274nsAPLuOtPHCk0vKJM5pj//Fg/B1FXNWjPnXTT9PymCYYiHo4zPj0ZomXBKhoy7g=="],

    "@oxc-parser/binding-android-arm-eabi": ["@oxc-parser/binding-android-arm-eabi@0.112.0", "", { "os": "android", "cpu": "arm" }, "sha512-retxBzJ39Da7Lh/eZTn9+HJgTeDUxZIpuI0urOsmcFsBKXAth3lc1jIvwseQ9qbAI/VrsoFOXiGIzgclARbAHg=="],

    "@oxc-parser/binding-android-arm64": ["@oxc-parser/binding-android-arm64@0.112.0", "", { "os": "android", "cpu": "arm64" }, "sha512-pRkbBRbuIIsufUWpOJ+JHWfJFNupkidy4sbjfcm37e6xwYrn9LSKMLubPHvNaL1Zf92ZRhGiwaYkEcmaFg2VcA=="],

    "@oxc-parser/binding-darwin-arm64": ["@oxc-parser/binding-darwin-arm64@0.112.0", "", { "os": "darwin", "cpu": "arm64" }, "sha512-fh6/KQL/cbH5DukT3VkdCqnULLuvVnszVKySD5IgSE0WZb32YZo/cPsPdEv052kk6w3N4agu+NTiMnZjcvhUIg=="],

    "@oxc-parser/binding-darwin-x64": ["@oxc-parser/binding-darwin-x64@0.112.0", "", { "os": "darwin", "cpu": "x64" }, "sha512-vUBOOY1E30vlu/DoTGDoT1UbLlwu5Yv9tqeBabAwRzwNDz8Skho16VKhsBDUiyqddtpsR3//v6vNk38w4c+6IA=="],

    "@oxc-parser/binding-freebsd-x64": ["@oxc-parser/binding-freebsd-x64@0.112.0", "", { "os": "freebsd", "cpu": "x64" }, "sha512-hnEtO/9AVnYWzrgnp6L+oPs/6UqlFeteUL6n7magkd2tttgmx1C01hyNNh6nTpZfLzEVJSNJ0S+4NTsK2q2CxA=="],

    "@oxc-parser/binding-linux-arm-gnueabihf": ["@oxc-parser/binding-linux-arm-gnueabihf@0.112.0", "", { "os": "linux", "cpu": "arm" }, "sha512-WxJrUz3pcIc2hp4lvJbvt/sTL33oX9NPvkD3vDDybE6tc0V++rS+hNOJxwXdD2FDIFPkHs/IEn5asEZFVH+VKw=="],

    "@oxc-parser/binding-linux-arm-musleabihf": ["@oxc-parser/binding-linux-arm-musleabihf@0.112.0", "", { "os": "linux", "cpu": "arm" }, "sha512-jj8A8WWySaJQqM9XKAIG8U2Q3qxhFQKrXPWv98d1oC35at+L1h+C+V4M3l8BAKhpHKCu3dYlloaAbHd5q1Hw6A=="],

    "@oxc-parser/binding-linux-arm64-gnu": ["@oxc-parser/binding-linux-arm64-gnu@0.112.0", "", { "os": "linux", "cpu": "arm64" }, "sha512-G2F8H6FcAExVK5vvhpSh61tqWx5QoaXXUnSsj5FyuDiFT/K7AMMVSQVqnZREDc+YxhrjB0vnKjCcuobXK63kIw=="],

    "@oxc-parser/binding-linux-arm64-musl": ["@oxc-parser/binding-linux-arm64-musl@0.112.0", "", { "os": "linux", "cpu": "arm64" }, "sha512-3R0iqjM3xYOZCnwgcxOQXH7hrz64/USDIuLbNTM1kZqQzRqaR4w7SwoWKU934zABo8d0op2oSwOp+CV3hZnM7A=="],

    "@oxc-parser/binding-linux-ppc64-gnu": ["@oxc-parser/binding-linux-ppc64-gnu@0.112.0", "", { "os": "linux", "cpu": "ppc64" }, "sha512-lAQf8PQxfgy7h0bmcfSVE3hg3qMueshPYULFsCrHM+8KefGZ9W+ZMvRyU33gLrB4w1O3Fz1orR0hmKMCRxXNrQ=="],

    "@oxc-parser/binding-linux-riscv64-gnu": ["@oxc-parser/binding-linux-riscv64-gnu@0.112.0", "", { "os": "linux", "cpu": "none" }, "sha512-2QlvQBUhHuAE3ezD4X3CAEKMXdfgInggQ5Bj/7gb5NcYP3GyfLTj7c+mMu+BRwfC9B3AXBNyqHWbqEuuUvZyRQ=="],

    "@oxc-parser/binding-linux-riscv64-musl": ["@oxc-parser/binding-linux-riscv64-musl@0.112.0", "", { "os": "linux", "cpu": "none" }, "sha512-v06iu0osHszgqJ1dLQRb6leWFU1sjG/UQk4MoVBtE6ZPewgfTkby6G9II1SpEAf2onnAuQceVYxQH9iuU3NJqw=="],

    "@oxc-parser/binding-linux-s390x-gnu": ["@oxc-parser/binding-linux-s390x-gnu@0.112.0", "", { "os": "linux", "cpu": "s390x" }, "sha512-+5HhNHtxsdcd7+ljXFnn9FOoCNXJX3UPgIfIE6vdwS1HqdGNH6eAcVobuqGOp54l8pvcxDQA6F4cPswCgLrQfQ=="],

    "@oxc-parser/binding-linux-x64-gnu": ["@oxc-parser/binding-linux-x64-gnu@0.112.0", "", { "os": "linux", "cpu": "x64" }, "sha512-jKwO7ZLNkjxwg7FoCLw+fJszooL9yXRZsDN0AQ1AQUTWq1l8GH/2e44k68N3fcP19jl8O8jGpqLAZcQTYk6skA=="],

    "@oxc-parser/binding-linux-x64-musl": ["@oxc-parser/binding-linux-x64-musl@0.112.0", "", { "os": "linux", "cpu": "x64" }, "sha512-TYqnuKV/p3eOc+N61E0961nA7DC+gaCeJ3+V2LcjJdTwFMdikqWL6uVk1jlrpUCBrozHDATVUKDZYH7r4FQYjQ=="],

    "@oxc-parser/binding-openharmony-arm64": ["@oxc-parser/binding-openharmony-arm64@0.112.0", "", { "os": "none", "cpu": "arm64" }, "sha512-ZhrVmWFifVEFQX4XPwLoVFDHw9tAWH9p9vHsHFH+5uCKdfVR+jje4WxVo6YrokWCboGckoOzHq5KKMOcPZfkRg=="],

    "@oxc-parser/binding-wasm32-wasi": ["@oxc-parser/binding-wasm32-wasi@0.112.0", "", { "dependencies": { "@napi-rs/wasm-runtime": "^1.1.1" }, "cpu": "none" }, "sha512-Gr8X2PUU3hX1g3F5oLWIZB8DhzDmjr5TfOrmn5tlBOo9l8ojPGdKjnIBfObM7X15928vza8QRKW25RTR7jfivg=="],

    "@oxc-parser/binding-win32-arm64-msvc": ["@oxc-parser/binding-win32-arm64-msvc@0.112.0", "", { "os": "win32", "cpu": "arm64" }, "sha512-t5CDLbU70Ea88bGRhvU/dLJTc/Wcrtf2Jp534E8P3cgjAvHDjdKsfDDqBZrhybJ8Jv9v9vW5ngE40EK51BluDA=="],

    "@oxc-parser/binding-win32-ia32-msvc": ["@oxc-parser/binding-win32-ia32-msvc@0.112.0", "", { "os": "win32", "cpu": "ia32" }, "sha512-rZH0JynCCwnhe2HfRoyNOl/Kfd9pudoWxgpC5OZhj7j77pMK0UOAa35hYDfrtSOUk2HLzrikV5dPUOY2DpSBSA=="],

    "@oxc-parser/binding-win32-x64-msvc": ["@oxc-parser/binding-win32-x64-msvc@0.112.0", "", { "os": "win32", "cpu": "x64" }, "sha512-oGHluohzmVFAuQrkEnl1OXAxMz2aYmimxUqIgKXpBgbr7PvFv0doELB273sX+5V3fKeggohKg1A2Qq21W9Z9cQ=="],

    "@oxc-project/types": ["@oxc-project/types@0.112.0", "", {}, "sha512-m6RebKHIRsax2iCwVpYW2ErQwa4ywHJrE4sCK3/8JK8ZZAWOKXaRJFl/uP51gaVyyXlaS4+chU1nSCdzYf6QqQ=="],

    "@tybys/wasm-util": ["@tybys/wasm-util@0.10.4", "", { "dependencies": { "tslib": "^2.4.0" } }, "sha512-W3c4gRigFS0T/Ma4qIYF3GDAc5AQdHb1yL5znJT1Zv1YaD9Kitx656wBjvr19qbiosmZT8lWDM5BEMynUqX65A=="],

    "@types/bun": ["@types/bun@1.4.2", "", { "dependencies": { "bun-types": "1.4.2" } }, "sha512-GimotNn7+ZV0uVArItBbriZsR1oNf0+WTzPkdcFrzShI7k2norL0uzEaJT8T33dWr7O/c9ZDuAFQrctKCi72oQ=="],

    "@types/node": ["@types/node@26.6.3", "", { "dependencies": { "undici-types": "~8.9.0" } }, "sha512-dsqMQQoeTLqu9wynDD00q573mNzso3IdQOAfHRJqLCcmCFPoGo9A1bDpUcv/9tnKpErQWv9uKeGfl37EIS02Yg=="],

    "@types/react": ["@types/react@19.3.0", "", { "dependencies": { "csstype": "^3.2.2" } }, "sha512-N0rFCuH9YoxG9/m61l9MfpJKfmLOVU0em7ipIz6TRgSSkvReLB9vL85GB+yr8Bs5leqpvg96JSwF4ZS1s4viQg=="],

    "@types/react-dom": ["@types/react-dom@19.3.0", "", { "peerDependencies": { "@types/react": "^19.3.0" } }, "sha512-ZI7bU42mZXXKHn/qNLEw2IrbiINU7X5+vfgdixBHkCNpYWXjKgfQ/P+uyGb5CjOLB9UcnTeg3rylQtV2hym44Q=="],

    "array-timsort": ["array-timsort@1.0.3", "", {}, "sha512-/+3GRL7dDAGEfM6TseQk/U+mi18TU2Ms9I3UlLdUMhz2hbvGNTKdj9xniwXfUqgYhHxRx0+8UnKkvlNwVU+cWQ=="],

    "bun-plugin-tailwind": ["bun-plugin-tailwind@0.0.15", "", { "peerDependencies": { "typescript": "^5.0.0" } }, "sha512-qtAXMNGG4R0UGGI8zWrqm2B7BdXqx48vunJXBPzfDOHPA5WkRUZdTSbE7TFwO4jLhYqSE23YMWsM9NhE6ovobw=="],

    "bun-types": ["bun-types@1.4.2", "", { "dependencies": { "@types/node": "*" } }, "sha512-bxV1FgK7yBIzjRe5zBozIM4Bem11ZJcCXSrjWRG3YWLt8yFDePu4cLjpebO8OvPeIE9trbyPF4fuj3Cia4Fj3w=="],

    "chokidar": ["chokidar@4.0.3", "", { "dependencies": { "readdirp": "^4.0.1" } }, "sha512-Qgzu8kfBvo+cA4962jnP1KkS6Dop5NS6g7R5LFYJr4b8Ub94PPQXUksCw9PvXoeXPRRddRNC5C1JQUR2SMGtnA=="],

    "comment-json": ["comment-json@4.5.1", "", { "dependencies": { "array-timsort": "^1.0.3", "core-util-is": "^1.0.3", "esprima": "^4.0.1" } }, "sha512-taEtr3ozUmOB7it68Jll7s0Pwm+aoiHyXKrEC8SEodL4rNpdfDLqa7PfBlrgFoCNNdR8ImL+muti5IGvktJAAg=="],

    "core-util-is": ["core-util-is@1.0.3", "", {}, "sha512-ZQBvi1DcpJ4GDqanjucZ2Hj3wEO5pZDS89BWbkcrvdxksJorwUDDZamX9ldFkp9aw2lmBDLgkObEA4DWNJ9FYQ=="],

    "csstype": ["csstype@3.2.3", "", {}, "sha512-z1HGKcYy2xA8AGQfwrn0PAy+PB7X/GSj3UVJW9qKyn43xWa+gl5nXmU4qqLMRzWVLFC8KusUX8T/0kCiOYpAIQ=="],

    "debounce": ["debounce@3.0.0", "", {}, "sha512-64byRbF0/AirwbuHqB3/ZpMG9/nckDa6ZA0yd6UnaQNwbbemCOwvz2sL5sjXLHhZHADyiwLm0M5qMhltUUx+TA=="],

    "deepmerge-ts": ["deepmerge-ts@7.1.5", "", {}, "sha512-HOJkrhaYsweh+W+e74Yn7YStZOilkoPb6fycpwNLKzSPtruFs48nYis0zy5yJz1+ktUhHxoRDJ27RQAWLIJVJw=="],

    "esprima": ["esprima@4.0.1", "", { "bin": { "esparse": "./bin/esparse.js", "esvalidate": "./bin/esvalidate.js" } }, "sha512-eGuFFw7Upda+g4p+QHvnW0RyTX/SVeJBDM/gCtMARO0cLuT2HcEKnTPvhjV6aGeqrCB/sbNop0Kszm0jsaWU4A=="],

    "flowbite-react": ["flowbite-react@0.12.17", "", { "dependencies": { "@floating-ui/core": "1.7.4", "@floating-ui/react": "0.27.17", "@iarna/toml": "2.2.5", "chokidar": "4.0.3", "comment-json": "4.5.1", "debounce": "3.0.0", "deepmerge-ts": "7.1.5", "klona": "2.0.6", "magic-string": "0.30.21", "oxc-parser": "0.112.0", "package-manager-detector": "1.6.0", "tailwind-merge-v2": "npm:tailwind-merge@2.6.1", "tailwind-merge-v3": "npm:tailwind-merge@3.4.0" }, "peerDependencies": { "react": "^18 || ^19", "react-dom": "^18 || ^19", "tailwindcss": "^3 || ^4" }, "bin": { "flowbite-react": "dist/cli/bin.js" } }, "sha512-En0zhGePac4hFWdikoyor0dQlUM8PbLPvGvFGovssDcw82pdjp9XLg3+bAaiy+83/7vEQY6Ajjnzbrsw4ru/Cg=="],

    "klona": ["klona@2.0.6", "", {}, "sha512-dhG34DXATL5hSxJbIexCft8FChFXtmskoZYnoPWjXQuebWYCNkVeV3KkGegCK9CP1oswI/vQibS2GY7Em/sJJA=="],

    "magic-string": ["magic-string@0.30.21", "", { "dependencies": { "@jridgewell/sourcemap-codec": "^1.5.5" } }, "sha512-vd2F4YUyEXKGcLHoq+TEyCjxueSeHnFxyyjNp80yg0XV4vUhnDer/lvvlqM/arB5bXQN5K2/3oinyCRyx8T2CQ=="],

    "oxc-parser": ["oxc-parser@0.112.0", "", { "dependencies": { "@oxc-project/types": "^0.112.0" }, "optionalDependencies": { "@oxc-parser/binding-android-arm-eabi": "0.112.0", "@oxc-parser/binding-android-arm64": "0.112.0", "@oxc-parser/binding-darwin-arm64": "0.112.0", "@oxc-parser/binding-darwin-x64": "0.112.0", "@oxc-parser/binding-freebsd-x64": "0.112.0", "@oxc-parser/binding-linux-arm-gnueabihf": "0.112.0", "@oxc-parser/binding-linux-arm-musleabihf": "0.112.0", "@oxc-parser/binding-linux-arm64-gnu": "0.112.0", "@oxc-parser/binding-linux-arm64-musl": "0.112.0", "@oxc-parser/binding-linux-ppc64-gnu": "0.112.0", "@oxc-parser/binding-linux-riscv64-gnu": "0.112.0", "@oxc-parser/binding-linux-riscv64-musl": "0.112.0", "@oxc-parser/binding-linux-s390x-gnu": "0.112.0", "@oxc-parser/binding-linux-x64-gnu": "0.112.0", "@oxc-parser/binding-linux-x64-musl": "0.112.0", "@oxc-parser/binding-openharmony-arm64": "0.112.0", "@oxc-parser/binding-wasm32-wasi": "0.112.0", "@oxc-parser/binding-win32-arm64-msvc": "0.112.0", "@oxc-parser/binding-win32-ia32-msvc": "0.112.0", "@oxc-parser/binding-win32-x64-msvc": "0.112.0" } }, "sha512-7rQ3QdJwobMQLMZwQaPuPYMEF2fDRZwf51lZ//V+bA37nejjKW5ifMHbbCwvA889Y4RLhT+/wLJpPRhAoBaZYw=="],

    "package-manager-detector": ["package-manager-detector@1.6.0", "", {}, "sha512-61A5ThoTiDG/C8s8UMZwSorAGwMJ0ERVGj2OjoW5pAalsNOg15+iQiPzrLJ4jhZ1HJzmC2PIHT2oEiH3R5fzNA=="],

    "prettier": ["prettier@3.9.9", "", { "bin": { "prettier": "bin/prettier.cjs" } }, "sha512-Z/CJHIkdujO/OtN7nXUii0Rf3VT5SRuhjBA82Xvu2XhBUgX3nhP67T0LHceBdQLex7OOFGTox+Q5Yg8Jk2Qivg=="],

    "prettier-plugin-tailwindcss": ["prettier-plugin-tailwindcss@0.6.14", "", { "peerDependencies": { "@ianvs/prettier-plugin-sort-imports": "*", "@prettier/plugin-hermes": "*", "@prettier/plugin-oxc": "*", "@prettier/plugin-pug": "*", "@shopify/prettier-plugin-liquid": "*", "@trivago/prettier-plugin-sort-imports": "*", "@zackad/prettier-plugin-twig": "*", "prettier": "^3.0", "prettier-plugin-astro": "*", "prettier-plugin-css-order": "*", "prettier-plugin-import-sort": "*", "prettier-plugin-jsdoc": "*", "prettier-plugin-marko": "*", "prettier-plugin-multiline-arrays": "*", "prettier-plugin-organize-attributes": "*", "prettier-plugin-organize-imports": "*", "prettier-plugin-sort-imports": "*", "prettier-plugin-style-order": "*", "prettier-plugin-svelte": "*" }, "optionalPeers": ["@ianvs/prettier-plugin-sort-imports", "@prettier/plugin-hermes", "@prettier/plugin-oxc", "@prettier/plugin-pug", "@shopify/prettier-plugin-liquid", "@trivago/prettier-plugin-sort-imports", "@zackad/prettier-plugin-twig", "prettier-plugin-astro", "prettier-plugin-css-order", "prettier-plugin-import-sort", "prettier-plugin-jsdoc", "prettier-plugin-marko", "prettier-plugin-multiline-arrays", "prettier-plugin-organize-attributes", "prettier-plugin-organize-imports", "prettier-plugin-sort-imports", "prettier-plugin-style-order", "prettier-plugin-svelte"] }, "sha512-pi2e/+ZygeIqntN+vC573BcW5Cve8zUB0SSAGxqpB4f96boZF4M3phPVoOFCeypwkpRYdi7+jQ5YJJUwrkGUAg=="],

    "react": ["react@19.3.0", "", {}, "sha512-E8LUcbtBWt20bbl2YoHfx4ZDBdxVTfOKtCZn9cDSJ4l6/nuoApcpIBcj47t2wZoVX8g2ZHuMHbiShgCR1T5Sog=="],

    "react-dom": ["react-dom@19.3.0", "", { "dependencies": { "scheduler": "^0.28.0" }, "peerDependencies": { "react": "^19.3.0" } }, "sha512-JDk8dgif51OjFoDE70+OT9ICyYr+69HlmihNwp1+Nsfbna3t5sIiCa9ZJktDmQ4/1b/rn26hIAR2uYXDMr5r0Q=="],

    "readdirp": ["readdirp@4.1.2", "", {}, "sha512-GDhwkLfywWL2s6vEjyhri+eXmfH6j1L7JE27WhqLeYzoh/A3DBaYGEj2H/HFZCn/kMfim73FXxEJTw06WtxQwg=="],

    "scheduler": ["scheduler@0.28.0", "", {}, "sha512-juorfCmIkIw8tT+p5BXSm6PJjQF/ycEYmKyzURCIt/RaZIhL+PulbQ9Yu2z1HdOJDdqDTlxA1+xKBmHXJsczAw=="],

    "tabbable": ["tabbable@6.5.0", "", {}, "sha512-wieBHXygIm7OyQOu5hQlkk62/WyCFYGlWg7L6/ZCUZwx0o398Zkn4pVmMyfYhfMG8kGrj/Krt8eIk6UKC6VzwA=="],

    "tailwind-merge-v2": ["tailwind-merge@2.6.1", "", {}, "sha512-Oo6tHdpZsGpkKG88HJ8RR1rg/RdnEkQEfMoEk2x1XRI3F1AxeU+ijRXpiVUF4UbLfcxxRGw6TbUINKYdWVsQTQ=="],

    "tailwind-merge-v3": ["tailwind-merge@3.4.0", "", {}, "sha512-uSaO4gnW+b3Y2aWoWfFpX62vn2sR3skfhbjsEnaBI81WD1wBLlHZe5sWf0AqjksNdYTbGBEd0UasQMT3SNV15g=="],

    "tailwindcss": ["tailwindcss@4.3.3", "", {}, "sha512-gOhV3P7ufE62QDGg1zVaTgCR+EtPv92k2nIhVcVKcLmxT1sUBsQGhnZj175j+MqRt4zLF7ic+sCYjfhxMxj7YQ=="],

    "tslib": ["tslib@2.8.1", "", {}, "sha512-oJFu94HQb+KVduSUQL7wnpmqnfmLsOA/nAh6b6EH0wCEoK0/mPeXU6c3wKDV83MkOuHPRHtSXKKU99IBazS/2w=="],

    "typescript": ["typescript@5.9.3", "", { "bin": { "tsc": "bin/tsc", "tsserver": "bin/tsserver" } }, "sha512-jl1vZzPDinLr9eUt3J/t7V6FgNEw9QjvBPdysz9KfQDD41fQrC2Y4vKQdiaUpFT4bXlb1RHhLpp8wtm6M5TgSw=="],

    "undici-types": ["undici-types@8.9.0", "", {}, "sha512-KTDyRTYX8sWmKXAikPHHSyc63CRPETMctyjKFupcC6OBLXT3xsN0e9aF7m+mIXutFWpUXuedtowG7iLOzp0kQg=="],

    "@floating-ui/dom/@floating-ui/core": ["@floating-ui/core@1.8.0", "", { "dependencies": { "@floating-ui/utils": "^0.2.12" } }, "sha512-0CIZ5itps/8x7BG8dEIhs53BvCUH2PCoogtakwRTut+Arm58sJooJ0AuZhLw2HJYIR5cMLNPBSS728sPho2khQ=="],
  }
}
